// !$*UTF8*$!
{
	archiveVersion = 1;
	classes = {
	};
	objectVersion = 55;
	objects = {

/* Begin PBXBuildFile section */
		DD590EE9285743C500BC6EDA /* AppDelegate.swift in Sources */ = {isa = PBXBuildFile; fileRef = DD590EE8285743C500BC6EDA /* AppDelegate.swift */; };
		DD590EEB285743C500BC6EDA /* SceneDelegate.swift in Sources */ = {isa = PBXBuildFile; fileRef = DD590EEA285743C500BC6EDA /* SceneDelegate.swift */; };
		DD590EED285743C500BC6EDA /* ViewController.swift in Sources */ = {isa = PBXBuildFile; fileRef = DD590EEC285743C500BC6EDA /* ViewController.swift */; };
		DD590EF0285743C500BC6EDA /* Main.storyboard in Resources */ = {isa = PBXBuildFile; fileRef = DD590EEE285743C500BC6EDA /* Main.storyboard */; };
		DD590EF2285743C600BC6EDA /* Assets.xcassets in Resources */ = {isa = PBXBuildFile; fileRef = DD590EF1285743C600BC6EDA /* Assets.xcassets */; };
		DD590EF5285743C600BC6EDA /* LaunchScreen.storyboard in Resources */ = {isa = PBXBuildFile; fileRef = DD590EF3285743C600BC6EDA /* LaunchScreen.storyboard */; };
		DD590EFE2857446800BC6EDA /* TagsFlowLayout.swift in Sources */ = {isa = PBXBuildFile; fileRef = DD590EFD2857446800BC6EDA /* TagsFlowLayout.swift */; };
		DD590F02285744A100BC6EDA /* TagCell.swift in Sources */ = {isa = PBXBuildFile; fileRef = DD590F01285744A100BC6EDA /* TagCell.swift */; };
		DD590F04285744BF00BC6EDA /* TagsCollectionView.swift in Sources */ = {isa = PBXBuildFile; fileRef = DD590F03285744BF00BC6EDA /* TagsCollectionView.swift */; };
/* End PBXBuildFile section */

/* Begin PBXFileReference section */
		DD590EE5285743C500BC6EDA /* TagsFlowLayout.app */ = {isa = PBXFileReference; explicitFileType = wrapper.application; includeInIndex = 0; path = TagsFlowLayout.app; sourceTree = BUILT_PRODUCTS_DIR; };
		DD590EE8285743C500BC6EDA /* AppDelegate.swift */ = {isa = PBXFileReference; lastKnownFileType = sourcecode.swift; path = AppDelegate.swift; sourceTree = "<group>"; };
		DD590EEA285743C500BC6EDA /* SceneDelegate.swift */ = {isa = PBXFileReference; lastKnownFileType = sourcecode.swift; path = SceneDelegate.swift; sourceTree = "<group>"; };
		DD590EEC285743C500BC6EDA /* ViewController.swift */ = {isa = PBXFileReference; lastKnownFileType = sourcecode.swift; path = ViewController.swift; sourceTree = "<group>"; };
		DD590EEF285743C500BC6EDA /* Base */ = {isa = PBXFileReference; lastKnownFileType = file.storyboard; name = Base; path = Base.lproj/Main.storyboard; sourceTree = "<group>"; };
		DD590EF1285743C600BC6EDA /* Assets.xcassets */ = {isa = PBXFileReference; lastKnownFileType = folder.assetcatalog; path = Assets.xcassets; sourceTree = "<group>"; };
		DD590EF4285743C600BC6EDA /* Base */ = {isa = PBXFileReference; lastKnownFileType = file.storyboard; name = Base; path = Base.lproj/LaunchScreen.storyboard; sourceTree = "<group>"; };
		DD590EF6285743C600BC6EDA /* Info.plist */ = {isa = PBXFileReference; lastKnownFileType = text.plist.xml; path = Info.plist; sourceTree = "<group>"; };
		DD590EFD2857446800BC6EDA /* TagsFlowLayout.swift */ = {isa = PBXFileReference; lastKnownFileType = sourcecode.swift; path = TagsFlowLayout.swift; sourceTree = "<group>"; };
		DD590F01285744A100BC6EDA /* TagCell.swift */ = {isa = PBXFileReference; lastKnownFileType = sourcecode.swift; path = TagCell.swift; sourceTree = "<group>"; };
		DD590F03285744BF00BC6EDA /* TagsCollectionView.swift */ = {isa = PBXFileReference; lastKnownFileType = sourcecode.swift; path = TagsCollectionView.swift; sourceTree = "<group>"; };
/* End PBXFileReference section */

/* Begin PBXFrameworksBuildPhase section */
		DD590EE2285743C500BC6EDA /* Frameworks */ = {
			isa = PBXFrameworksBuildPhase;
			buildActionMask = 2147483647;
			files = (
			);
			runOnlyForDeploymentPostprocessing = 0;
		};
/* End PBXFrameworksBuildPhase section */

/* Begin PBXGroup section */
		DD590EDC285743C500BC6EDA = {
			isa = PBXGroup;
			children = (
				DD590EE7285743C500BC6EDA /* TagsFlowLayout */,
				DD590EE6285743C500BC6EDA /* Products */,
			);
			sourceTree = "<group>";
		};
		DD590EE6285743C500BC6EDA /* Products */ = {
			isa = PBXGroup;
			children = (
				DD590EE5285743C500BC6EDA /* TagsFlowLayout.app */,
			);
			name = Products;
			sourceTree = "<group>";
		};
		DD590EE7285743C500BC6EDA /* TagsFlowLayout */ = {
			isa = PBXGroup;
			children = (
				DD590F052857451700BC6EDA /* ViewController */,
				DD590EFC2857444700BC6EDA /* CollectionView */,
				DD590EE8285743C500BC6EDA /* AppDelegate.swift */,
				DD590EEA285743C500BC6EDA /* SceneDelegate.swift */,
				DD590EEE285743C500BC6EDA /* Main.storyboard */,
				DD590EF1285743C600BC6EDA /* Assets.xcassets */,
				DD590EF3285743C600BC6EDA /* LaunchScreen.storyboard */,
				DD590EF6285743C600BC6EDA /* Info.plist */,
			);
			path = TagsFlowLayout;
			sourceTree = "<group>";
		};
		DD590EFC2857444700BC6EDA /* CollectionView */ = {
			isa = PBXGroup;
			children = (
				DD590F002857449100BC6EDA /* Cell */,
				DD590EFF2857448A00BC6EDA /* View */,
				DD590EFD2857446800BC6EDA /* TagsFlowLayout.swift */,
			);
			path = CollectionView;
			sourceTree = "<group>";
		};
		DD590EFF2857448A00BC6EDA /* View */ = {
			isa = PBXGroup;
			children = (
				DD590F03285744BF00BC6EDA /* TagsCollectionView.swift */,
			);
			path = View;
			sourceTree = "<group>";
		};
		DD590F002857449100BC6EDA /* Cell */ = {
			isa = PBXGroup;
			children = (
				DD590F01285744A100BC6EDA /* TagCell.swift */,
			);
			path = Cell;
			sourceTree = "<group>";
		};
		DD590F052857451700BC6EDA /* ViewController */ = {
			isa = PBXGroup;
			children = (
				DD590EEC285743C500BC6EDA /* ViewController.swift */,
			);
			path = ViewController;
			sourceTree = "<group>";
		};
/* End PBXGroup section */

/* Begin PBXNativeTarget section */
		DD590EE4285743C500BC6EDA /* TagsFlowLayout */ = {
			isa = PBXNativeTarget;
			buildConfigurationList = DD590EF9285743C600BC6EDA /* Build configuration list for PBXNativeTarget "TagsFlowLayout" */;
			buildPhases = (
				DD590EE1285743C500BC6EDA /* Sources */,
				DD590EE2285743C500BC6EDA /* Frameworks */,
				DD590EE3285743C500BC6EDA /* Resources */,
			);
			buildRules = (
			);
			dependencies = (
			);
			name = TagsFlowLayout;
			productName = TagsFlowLayout;
			productReference = DD590EE5285743C500BC6EDA /* TagsFlowLayout.app */;
			productType = "com.apple.product-type.application";
		};
/* End PBXNativeTarget section */

/* Begin PBXProject section */
		DD590EDD285743C500BC6EDA /* Project object */ = {
			isa = PBXProject;
			attributes = {
				BuildIndependentTargetsInParallel = 1;
				LastSwiftUpdateCheck = 1300;
				LastUpgradeCheck = 1300;
				TargetAttributes = {
					DD590EE4285743C500BC6EDA = {
						CreatedOnToolsVersion = 13.0;
					};
				};
			};
			buildConfigurationList = DD590EE0285743C500BC6EDA /* Build configuration list for PBXProject "TagsFlowLayout" */;
			compatibilityVersion = "Xcode 13.0";
			developmentRegion = en;
			hasScannedForEncodings = 0;
			knownRegions = (
				en,
				Base,
			);
			mainGroup = DD590EDC285743C500BC6EDA;
			productRefGroup = DD590EE6285743C500BC6EDA /* Products */;
			projectDirPath = "";
			projectRoot = "";
			targets = (
				DD590EE4285743C500BC6EDA /* TagsFlowLayout */,
			);
		};
/* End PBXProject section */

/* Begin PBXResourcesBuildPhase section */
		DD590EE3285743C500BC6EDA /* Resources */ = {
			isa = PBXResourcesBuildPhase;
			buildActionMask = 2147483647;
			files = (
				DD590EF5285743C600BC6EDA /* LaunchScreen.storyboard in Resources */,
				DD590EF2285743C600BC6EDA /* Assets.xcassets in Resources */,
				DD590EF0285743C500BC6EDA /* Main.storyboard in Resources */,
			);
			runOnlyForDeploymentPostprocessing = 0;
		};
/* End PBXResourcesBuildPhase section */

/* Begin PBXSourcesBuildPhase section */
		DD590EE1285743C500BC6EDA /* Sources */ = {
			isa = PBXSourcesBuildPhase;
			buildActionMask = 2147483647;
			files = (
				DD590EFE2857446800BC6EDA /* TagsFlowLayout.swift in Sources */,
				DD590EED285743C500BC6EDA /* ViewController.swift in Sources */,
				DD590F02285744A100BC6EDA /* TagCell.swift in Sources */,
				DD590EE9285743C500BC6EDA /* AppDelegate.swift in Sources */,
				DD590EEB285743C500BC6EDA /* SceneDelegate.swift in Sources */,
				DD590F04285744BF00BC6EDA /* TagsCollectionView.swift in Sources */,
			);
			runOnlyForDeploymentPostprocessing = 0;
		};
/* End PBXSourcesBuildPhase section */

/* Begin PBXVariantGroup section */
		DD590EEE285743C500BC6EDA /* Main.storyboard */ = {
			isa = PBXVariantGroup;
			children = (
				DD590EEF285743C500BC6EDA /* Base */,
			);
			name = Main.storyboard;
			sourceTree = "<group>";
		};
		DD590EF3285743C600BC6EDA /* LaunchScreen.storyboard */ = {
			isa = PBXVariantGroup;
			children = (
				DD590EF4285743C600BC6EDA /* Base */,
			);
			name = LaunchScreen.storyboard;
			sourceTree = "<group>";
		};
/* End PBXVariantGroup section */

/* Begin XCBuildConfiguration section */
		DD590EF7285743C600BC6EDA /* Debug */ = {
			isa = XCBuildConfiguration;
			buildSettings = {
				ALWAYS_SEARCH_USER_PATHS = NO;
				CLANG_ANALYZER_NONNULL = YES;
				CLANG_ANALYZER_NUMBER_OBJECT_CONVERSION = YES_AGGRESSIVE;
				CLANG_CXX_LANGUAGE_STANDARD = "gnu++17";
				CLANG_CXX_LIBRARY = "libc++";
				CLANG_ENABLE_MODULES = YES;
				CLANG_ENABLE_OBJC_ARC = YES;
				CLANG_ENABLE_OBJC_WEAK = YES;
				CLANG_WARN_BLOCK_CAPTURE_AUTORELEASING = YES;
				CLANG_WARN_BOOL_CONVERSION = YES;
				CLANG_WARN_COMMA = YES;
				CLANG_WARN_CONSTANT_CONVERSION = YES;
				CLANG_WARN_DEPRECATED_OBJC_IMPLEMENTATIONS = YES;
				CLANG_WARN_DIRECT_OBJC_ISA_USAGE = YES_ERROR;
				CLANG_WARN_DOCUMENTATION_COMMENTS = YES;
				CLANG_WARN_EMPTY_BODY = YES;
				CLANG_WARN_ENUM_CONVERSION = YES;
				CLANG_WARN_INFINITE_RECURSION = YES;
				CLANG_WARN_INT_CONVERSION = YES;
				CLANG_WARN_NON_LITERAL_NULL_CONVERSION = YES;
				CLANG_WARN_OBJC_IMPLICIT_RETAIN_SELF = YES;
				CLANG_WARN_OBJC_LITERAL_CONVERSION = YES;
				CLANG_WARN_OBJC_ROOT_CLASS = YES_ERROR;
				CLANG_WARN_QUOTED_INCLUDE_IN_FRAMEWORK_HEADER = YES;
				CLANG_WARN_RANGE_LOOP_ANALYSIS = YES;
				CLANG_WARN_STRICT_PROTOTYPES = YES;
				CLANG_WARN_SUSPICIOUS_MOVE = YES;
				CLANG_WARN_UNGUARDED_AVAILABILITY = YES_AGGRESSIVE;
				CLANG_WARN_UNREACHABLE_CODE = YES;
				CLANG_WARN__DUPLICATE_METHOD_MATCH = YES;
				COPY_PHASE_STRIP = NO;
				DEBUG_INFORMATION_FORMAT = dwarf;
				ENABLE_STRICT_OBJC_MSGSEND = YES;
				ENABLE_TESTABILITY = YES;
				GCC_C_LANGUAGE_STANDARD = gnu11;
				GCC_DYNAMIC_NO_PIC = NO;
				GCC_NO_COMMON_BLOCKS = YES;
				GCC_OPTIMIZATION_LEVEL = 0;
				GCC_PREPROCESSOR_DEFINITIONS = (
					"DEBUG=1",
					"$(inherited)",
				);
				GCC_WARN_64_TO_32_BIT_CONVERSION = YES;
				GCC_WARN_ABOUT_RETURN_TYPE = YES_ERROR;
				GCC_WARN_UNDECLARED_SELECTOR = YES;
				GCC_WARN_UNINITIALIZED_AUTOS = YES_AGGRESSIVE;
				GCC_WARN_UNUSED_FUNCTION = YES;
				GCC_WARN_UNUSED_VARIABLE = YES;
				IPHONEOS_DEPLOYMENT_TARGET = 15.0;
				MTL_ENABLE_DEBUG_INFO = INCLUDE_SOURCE;
				MTL_FAST_MATH = YES;
				ONLY_ACTIVE_ARCH = YES;
				SDKROOT = iphoneos;
				SWIFT_ACTIVE_COMPILATION_CONDITIONS = DEBUG;
				SWIFT_OPTIMIZATION_LEVEL = "-Onone";
			};
			name = Debug;
		};
		DD590EF8285743C600BC6EDA /* Release */ = {
			isa = XCBuildConfiguration;
			buildSettings = {
				ALWAYS_SEARCH_USER_PATHS = NO;
				CLANG_ANALYZER_NONNULL = YES;
				CLANG_ANALYZER_NUMBER_OBJECT_CONVERSION = YES_AGGRESSIVE;
				CLANG_CXX_LANGUAGE_STANDARD = "gnu++17";
				CLANG_CXX_LIBRARY = "libc++";
				CLANG_ENABLE_MODULES = YES;
				CLANG_ENABLE_OBJC_ARC = YES;
				CLANG_ENABLE_OBJC_WEAK = YES;
				CLANG_WARN_BLOCK_CAPTURE_AUTORELEASING = YES;
				CLANG_WARN_BOOL_CONVERSION = YES;
				CLANG_WARN_COMMA = YES;
				CLANG_WARN_CONSTANT_CONVERSION = YES;
				CLANG_WARN_DEPRECATED_OBJC_IMPLEMENTATIONS = YES;
				CLANG_WARN_DIRECT_OBJC_ISA_USAGE = YES_ERROR;
				CLANG_WARN_DOCUMENTATION_COMMENTS = YES;
				CLANG_WARN_EMPTY_BODY = YES;
				CLANG_WARN_ENUM_CONVERSION = YES;
				CLANG_WARN_INFINITE_RECURSION = YES;
				CLANG_WARN_INT_CONVERSION = YES;
				CLANG_WARN_NON_LITERAL_NULL_CONVERSION = YES;
				CLANG_WARN_OBJC_IMPLICIT_RETAIN_SELF = YES;
				CLANG_WARN_OBJC_LITERAL_CONVERSION = YES;
				CLANG_WARN_OBJC_ROOT_CLASS = YES_ERROR;
				CLANG_WARN_QUOTED_INCLUDE_IN_FRAMEWORK_HEADER = YES;
				CLANG_WARN_RANGE_LOOP_ANALYSIS = YES;
				CLANG_WARN_STRICT_PROTOTYPES = YES;
				CLANG_WARN_SUSPICIOUS_MOVE = YES;
				CLANG_WARN_UNGUARDED_AVAILABILITY = YES_AGGRESSIVE;
				CLANG_WARN_UNREACHABLE_CODE = YES;
				CLANG_WARN__DUPLICATE_METHOD_MATCH = YES;
				COPY_PHASE_STRIP = NO;
				DEBUG_INFORMATION_FORMAT = "dwarf-with-dsym";
				ENABLE_NS_ASSERTIONS = NO;
				ENABLE_STRICT_OBJC_MSGSEND = YES;
				GCC_C_LANGUAGE_STANDARD = gnu11;
				GCC_NO_COMMON_BLOCKS = YES;
				GCC_WARN_64_TO_32_BIT_CONVERSION = YES;
				GCC_WARN_ABOUT_RETURN_TYPE = YES_ERROR;
				GCC_WARN_UNDECLARED_SELECTOR = YES;
				GCC_WARN_UNINITIALIZED_AUTOS = YES_AGGRESSIVE;
				GCC_WARN_UNUSED_FUNCTION = YES;
				GCC_WARN_UNUSED_VARIABLE = YES;
				IPHONEOS_DEPLOYMENT_TARGET = 15.0;
				MTL_ENABLE_DEBUG_INFO = NO;
				MTL_FAST_MATH = YES;
				SDKROOT = iphoneos;
				SWIFT_COMPILATION_MODE = wholemodule;
				SWIFT_OPTIMIZATION_LEVEL = "-O";
				VALIDATE_PRODUCT = YES;
			};
			name = Release;
		};
		DD590EFA285743C600BC6EDA /* Debug */ = {
			isa = XCBuildConfiguration;
			buildSettings = {
				ASSETCATALOG_COMPILER_APPICON_NAME = AppIcon;
				ASSETCATALOG_COMPILER_GLOBAL_ACCENT_COLOR_NAME = AccentColor;
				CODE_SIGN_STYLE = Automatic;
				CURRENT_PROJECT_VERSION = 1;
				GENERATE_INFOPLIST_FILE = YES;
				INFOPLIST_FILE = TagsFlowLayout/Info.plist;
				INFOPLIST_KEY_UIApplicationSupportsIndirectInputEvents = YES;
				INFOPLIST_KEY_UILaunchStoryboardName = LaunchScreen;
				INFOPLIST_KEY_UIMainStoryboardFile = Main;
				INFOPLIST_KEY_UISupportedInterfaceOrientations_iPad = "UIInterfaceOrientationPortrait UIInterfaceOrientationPortraitUpsideDown UIInterfaceOrientationLandscapeLeft UIInterfaceOrientationLandscapeRight";
				INFOPLIST_KEY_UISupportedInterfaceOrientations_iPhone = "UIInterfaceOrientationPortrait UIInterfaceOrientationLandscapeLeft UIInterfaceOrientationLandscapeRight";
				LD_RUNPATH_SEARCH_PATHS = (
					"$(inherited)",
					"@executable_path/Frameworks",
				);
				MARKETING_VERSION = 1.0;
				PRODUCT_BUNDLE_IDENTIFIER = Alexanderrub.TagsFlowLayout;
				PRODUCT_NAME = "$(TARGET_NAME)";
				SWIFT_EMIT_LOC_STRINGS = YES;
				SWIFT_VERSION = 5.0;
				TARGETED_DEVICE_FAMILY = "1,2";
			};
			name = Debug;
		};
		DD590EFB285743C600BC6EDA /* Release */ = {
			isa = XCBuildConfiguration;
			buildSettings = {
				ASSETCATALOG_COMPILER_APPICON_NAME = AppIcon;
				ASSETCATALOG_COMPILER_GLOBAL_ACCENT_COLOR_NAME = AccentColor;
				CODE_SIGN_STYLE = Automatic;
				CURRENT_PROJECT_VERSION = 1;
				GENERATE_INFOPLIST_FILE = YES;
				INFOPLIST_FILE = TagsFlowLayout/Info.plist;
				INFOPLIST_KEY_UIApplicationSupportsIndirectInputEvents = YES;
				INFOPLIST_KEY_UILaunchStoryboardName = LaunchScreen;
				INFOPLIST_KEY_UIMainStoryboardFile = Main;
				INFOPLIST_KEY_UISupportedInterfaceOrientations_iPad = "UIInterfaceOrientationPortrait UIInterfaceOrientationPortraitUpsideDown UIInterfaceOrientationLandscapeLeft UIInterfaceOrientationLandscapeRight";
				INFOPLIST_KEY_UISupportedInterfaceOrientations_iPhone = "UIInterfaceOrientationPortrait UIInterfaceOrientationLandscapeLeft UIInterfaceOrientationLandscapeRight";
				LD_RUNPATH_SEARCH_PATHS = (
					"$(inherited)",
					"@executable_path/Frameworks",
				);
				MARKETING_VERSION = 1.0;
				PRODUCT_BUNDLE_IDENTIFIER = Alexanderrub.TagsFlowLayout;
				PRODUCT_NAME = "$(TARGET_NAME)";
				SWIFT_EMIT_LOC_STRINGS = YES;
				SWIFT_VERSION = 5.0;
				TARGETED_DEVICE_FAMILY = "1,2";
			};
			name = Release;
		};
/* End XCBuildConfiguration section */

/* Begin XCConfigurationList section */
		DD590EE0285743C500BC6EDA /* Build configuration list for PBXProject "TagsFlowLayout" */ = {
			isa = XCConfigurationList;
			buildConfigurations = (
				DD590EF7285743C600BC6EDA /* Debug */,
				DD590EF8285743C600BC6EDA /* Release */,
			);
			defaultConfigurationIsVisible = 0;
			defaultConfigurationName = Release;
		};
		DD590EF9285743C600BC6EDA /* Build configuration list for PBXNativeTarget "TagsFlowLayout" */ = {
			isa = XCConfigurationList;
			buildConfigurations = (
				DD590EFA285743C600BC6EDA /* Debug */,
				DD590EFB285743C600BC6EDA /* Release */,
			);
			defaultConfigurationIsVisible = 0;
			defaultConfigurationName = Release;
		};
/* End XCConfigurationList section */
	};
	rootObject = DD590EDD285743C500BC6EDA /* Project object */;
}
